
Microsoft Visual Studio Solution File, Format Version 12.00
# Visual Studio Version 17
VisualStudioVersion = 17.14.36811.4
MinimumVisualStudioVersion = 10.0.40219.1
Project("{8BC9CEB8-8B4A-11D0-8D11-00A0C91BC942}") = "InternalLoader", "InternalLoader\InternalLoader.vcxproj", "{C788C41F-8CD6-494C-A40E-1CF2CDBCC61A}"
EndProject
Project("{FAE04EC0-301F-11D3-BF4B-00C04F79EFBC}") = "CheatUI", "CheatUI\CheatUI.csproj", "{4941BF95-165A-4712-8CFF-BFA781BDA313}"
EndProject
Project("{8BC9CEB8-8B4A-11D0-8D11-00A0C91BC942}") = "CheatCore", "CheatCore\CheatCore.vcxproj", "{4C77C765-D6B7-49AD-B461-F6E8ECAEEE49}"
EndProject
Global
	GlobalSection(SolutionConfigurationPlatforms) = preSolution
		Debug|Any CPU = Debug|Any CPU
		Debug|x64 = Debug|x64
		Debug|x86 = Debug|x86
		Release|Any CPU = Release|Any CPU
		Release|x64 = Release|x64
		Release|x86 = Release|x86
	EndGlobalSection
	GlobalSection(ProjectConfigurationPlatforms) = postSolution
		{C788C41F-8CD6-494C-A40E-1CF2CDBCC61A}.Debug|Any CPU.ActiveCfg = Debug|x64
		{C788C41F-8CD6-494C-A40E-1CF2CDBCC61A}.Debug|Any CPU.Build.0 = Debug|x64
		{C788C41F-8CD6-494C-A40E-1CF2CDBCC61A}.Debug|x64.ActiveCfg = Debug|x64
		{C788C41F-8CD6-494C-A40E-1CF2CDBCC61A}.Debug|x64.Build.0 = Debug|x64
		{C788C41F-8CD6-494C-A40E-1CF2CDBCC61A}.Debug|x86.ActiveCfg = Debug|Win32
		{C788C41F-8CD6-494C-A40E-1CF2CDBCC61A}.Debug|x86.Build.0 = Debug|Win32
		{C788C41F-8CD6-494C-A40E-1CF2CDBCC61A}.Release|Any CPU.ActiveCfg = Release|x64
		{C788C41F-8CD6-494C-A40E-1CF2CDBCC61A}.Release|Any CPU.Build.0 = Release|x64
		{C788C41F-8CD6-494C-A40E-1CF2CDBCC61A}.Release|x64.ActiveCfg = Release|x64
		{C788C41F-8CD6-494C-A40E-1CF2CDBCC61A}.Release|x64.Build.0 = Release|x64
		{C788C41F-8CD6-494C-A40E-1CF2CDBCC61A}.Release|x86.ActiveCfg = Release|Win32
		{C788C41F-8CD6-494C-A40E-1CF2CDBCC61A}.Release|x86.Build.0 = Release|Win32
		{4941BF95-165A-4712-8CFF-BFA781BDA313}.Debug|Any CPU.ActiveCfg = Debug|Any CPU
		{4941BF95-165A-4712-8CFF-BFA781BDA313}.Debug|Any CPU.Build.0 = Debug|Any CPU
		{4941BF95-165A-4712-8CFF-BFA781BDA313}.Debug|x64.ActiveCfg = Debug|Any CPU
		{4941BF95-165A-4712-8CFF-BFA781BDA313}.Debug|x64.Build.0 = Debug|Any CPU
		{4941BF95-165A-4712-8CFF-BFA781BDA313}.Debug|x86.ActiveCfg = Debug|Any CPU
		{4941BF95-165A-4712-8CFF-BFA781BDA313}.Debug|x86.Build.0 = Debug|Any CPU
		{4941BF95-165A-4712-8CFF-BFA781BDA313}.Release|Any CPU.ActiveCfg = Release|Any CPU
		{4941BF95-165A-4712-8CFF-BFA781BDA313}.Release|Any CPU.Build.0 = Release|Any CPU
		{4941BF95-165A-4712-8CFF-BFA781BDA313}.Release|x64.ActiveCfg = Release|Any CPU
		{4941BF95-165A-4712-8CFF-BFA781BDA313}.Release|x64.Build.0 = Release|Any CPU
		{4941BF95-165A-4712-8CFF-BFA781BDA313}.Release|x86.ActiveCfg = Release|x86
		{4941BF95-165A-4712-8CFF-BFA781BDA313}.Release|x86.Build.0 = Release|x86
		{4C77C765-D6B7-49AD-B461-F6E8ECAEEE49}.Debug|Any CPU.ActiveCfg = Debug|x64
		{4C77C765-D6B7-49AD-B461-F6E8ECAEEE49}.Debug|Any CPU.Build.0 = Debug|x64
		{4C77C765-D6B7-49AD-B461-F6E8ECAEEE49}.Debug|x64.ActiveCfg = Debug|x64
		{4C77C765-D6B7-49AD-B461-F6E8ECAEEE49}.Debug|x64.Build.0 = Debug|x64
		{4C77C765-D6B7-49AD-B461-F6E8ECAEEE49}.Debug|x86.ActiveCfg = Debug|Win32
		{4C77C765-D6B7-49AD-B461-F6E8ECAEEE49}.Debug|x86.Build.0 = Debug|Win32
		{4C77C765-D6B7-49AD-B461-F6E8ECAEEE49}.Release|Any CPU.ActiveCfg = Release|x64
		{4C77C765-D6B7-49AD-B461-F6E8ECAEEE49}.Release|Any CPU.Build.0 = Release|x64
		{4C77C765-D6B7-49AD-B461-F6E8ECAEEE49}.Release|x64.ActiveCfg = Release|x64
		{4C77C765-D6B7-49AD-B461-F6E8ECAEEE49}.Release|x64.Build.0 = Release|x64
		{4C77C765-D6B7-49AD-B461-F6E8ECAEEE49}.Release|x86.ActiveCfg = Release|Win32
		{4C77C765-D6B7-49AD-B461-F6E8ECAEEE49}.Release|x86.Build.0 = Release|Win32
	EndGlobalSection
	GlobalSection(SolutionProperties) = preSolution
		HideSolutionNode = FALSE
	EndGlobalSection
	GlobalSection(ExtensibilityGlobals) = postSolution
		SolutionGuid = {4D0644F3-9282-49D4-BD10-E038ED97E324}
	EndGlobalSection
EndGlobal
